{
  "originHash" : "9e169daab952cf55f3d0a976fb574fa317ff635130bd37ebbcfa9c99f7feed04",
  "pins" : [
    {
      "identity" : "swift-numerics",
      "kind" : "remoteSourceControl",
      "location" : "https://github.com/apple/swift-numerics",
      "state" : {
        "revision" : "e0ec0f5f3af6f3e4d5e7a19d2af26b481acb6ba8",
        "version" : "1.0.3"
      }
    }
  ],
  "version" : 3
}
